
Microsoft Visual Studio Solution File, Format Version 12.00
# Visual Studio 15
VisualStudioVersion = 15.0.28307.539
MinimumVisualStudioVersion = 10.0.40219.1
Project("{FAE04EC0-301F-11D3-BF4B-00C04F79EFBC}") = "For-Loops", "For-Loops\For-Loops.csproj", "{512BD0EB-E939-405C-957F-5D5A5E23F303}"
EndProject
Global
	GlobalSection(SolutionConfigurationPlatforms) = preSolution
		Debug|Any CPU = Debug|Any CPU
		Release|Any CPU = Release|Any CPU
	EndGlobalSection
	GlobalSection(ProjectConfigurationPlatforms) = postSolution
		{512BD0EB-E939-405C-957F-5D5A5E23F303}.Debug|Any CPU.ActiveCfg = Debug|Any CPU
		{512BD0EB-E939-405C-957F-5D5A5E23F303}.Debug|Any CPU.Build.0 = Debug|Any CPU
		{512BD0EB-E939-405C-957F-5D5A5E23F303}.Release|Any CPU.ActiveCfg = Release|Any CPU
		{512BD0EB-E939-405C-957F-5D5A5E23F303}.Release|Any CPU.Build.0 = Release|Any CPU
	EndGlobalSection
	GlobalSection(SolutionProperties) = preSolution
		HideSolutionNode = FALSE
	EndGlobalSection
	GlobalSection(ExtensibilityGlobals) = postSolution
		SolutionGuid = {F9B76760-4465-40B6-8EF1-04C4BA52938C}
	EndGlobalSection
EndGlobal
