
Microsoft Visual Studio Solution File, Format Version 12.00
# Visual Studio 15
VisualStudioVersion = 15.0.28307.539
MinimumVisualStudioVersion = 10.0.40219.1
Project("{FAE04EC0-301F-11D3-BF4B-00C04F79EFBC}") = "String-Methods", "String-Methods\String-Methods.csproj", "{9239DF58-3FE6-4727-8332-8E3AD0757E5C}"
EndProject
Global
	GlobalSection(SolutionConfigurationPlatforms) = preSolution
		Debug|Any CPU = Debug|Any CPU
		Release|Any CPU = Release|Any CPU
	EndGlobalSection
	GlobalSection(ProjectConfigurationPlatforms) = postSolution
		{9239DF58-3FE6-4727-8332-8E3AD0757E5C}.Debug|Any CPU.ActiveCfg = Debug|Any CPU
		{9239DF58-3FE6-4727-8332-8E3AD0757E5C}.Debug|Any CPU.Build.0 = Debug|Any CPU
		{9239DF58-3FE6-4727-8332-8E3AD0757E5C}.Release|Any CPU.ActiveCfg = Release|Any CPU
		{9239DF58-3FE6-4727-8332-8E3AD0757E5C}.Release|Any CPU.Build.0 = Release|Any CPU
	EndGlobalSection
	GlobalSection(SolutionProperties) = preSolution
		HideSolutionNode = FALSE
	EndGlobalSection
	GlobalSection(ExtensibilityGlobals) = postSolution
		SolutionGuid = {E0C4D1A7-B798-4029-B859-B6F7EF711A6B}
	EndGlobalSection
EndGlobal
